
Microsoft Visual Studio Solution File, Format Version 12.00
# Visual Studio Version 17
VisualStudioVersion = 17.2.32630.192
MinimumVisualStudioVersion = 10.0.40219.1
Project("{2150E333-8FDC-42A3-9474-1A3956D46DE8}") = "src", "src", "{25D1106E-1E8D-4A87-A47E-842FBD75D0FE}"
EndProject
Project("{2150E333-8FDC-42A3-9474-1A3956D46DE8}") = "test", "test", "{C291D5AB-FC04-444D-8717-FC50B5E64543}"
EndProject
Project("{9A19103F-16F7-4668-BE54-9A1E7A4F7556}") = "MQ.Domain", "src\MQ.Domain\MQ.Domain.csproj", "{DBDF772A-A7BC-4FFF-B663-8ECEB97E2DE9}"
EndProject
Project("{9A19103F-16F7-4668-BE54-9A1E7A4F7556}") = "MQ.DataroomImportApi", "src\MQ.DataroomImportApi\MQ.DataroomImportApi.csproj", "{AD30A04B-27D4-4E04-A4B5-ECB6BF38684B}"
EndProject
Project("{9A19103F-16F7-4668-BE54-9A1E7A4F7556}") = "TstSendMessages", "TstSendMessages\TstSendMessages.csproj", "{0812941F-CBC8-47C2-BE23-2379BD4496BB}"
EndProject
Project("{9A19103F-16F7-4668-BE54-9A1E7A4F7556}") = "MQ.Tests.Unit", "test\MQ.Tests.Unit\MQ.Tests.Unit.csproj", "{45247CC9-C7C1-49D5-A209-C9A85CC03AAA}"
EndProject
Project("{9A19103F-16F7-4668-BE54-9A1E7A4F7556}") = "MQ.DocImportService", "src\MQ.DocImportService\MQ.DocImportService.csproj", "{20B9A780-ADA2-4C66-97C1-392E50058AC9}"
EndProject
Project("{FAE04EC0-301F-11D3-BF4B-00C04F79EFBC}") = "MQ.FailedItemsManager", "src\MQ.FailedItemsManager\MQ.FailedItemsManager.csproj", "{3AC2023D-2FB8-4B1D-88B4-7AEC94DB81C4}"
EndProject
Global
	GlobalSection(SolutionConfigurationPlatforms) = preSolution
		Debug|Any CPU = Debug|Any CPU
		Release|Any CPU = Release|Any CPU
	EndGlobalSection
	GlobalSection(ProjectConfigurationPlatforms) = postSolution
		{DBDF772A-A7BC-4FFF-B663-8ECEB97E2DE9}.Debug|Any CPU.ActiveCfg = Debug|Any CPU
		{DBDF772A-A7BC-4FFF-B663-8ECEB97E2DE9}.Debug|Any CPU.Build.0 = Debug|Any CPU
		{DBDF772A-A7BC-4FFF-B663-8ECEB97E2DE9}.Release|Any CPU.ActiveCfg = Release|Any CPU
		{DBDF772A-A7BC-4FFF-B663-8ECEB97E2DE9}.Release|Any CPU.Build.0 = Release|Any CPU
		{AD30A04B-27D4-4E04-A4B5-ECB6BF38684B}.Debug|Any CPU.ActiveCfg = Debug|Any CPU
		{AD30A04B-27D4-4E04-A4B5-ECB6BF38684B}.Debug|Any CPU.Build.0 = Debug|Any CPU
		{AD30A04B-27D4-4E04-A4B5-ECB6BF38684B}.Release|Any CPU.ActiveCfg = Release|Any CPU
		{AD30A04B-27D4-4E04-A4B5-ECB6BF38684B}.Release|Any CPU.Build.0 = Release|Any CPU
		{0812941F-CBC8-47C2-BE23-2379BD4496BB}.Debug|Any CPU.ActiveCfg = Debug|Any CPU
		{0812941F-CBC8-47C2-BE23-2379BD4496BB}.Debug|Any CPU.Build.0 = Debug|Any CPU
		{0812941F-CBC8-47C2-BE23-2379BD4496BB}.Release|Any CPU.ActiveCfg = Release|Any CPU
		{0812941F-CBC8-47C2-BE23-2379BD4496BB}.Release|Any CPU.Build.0 = Release|Any CPU
		{45247CC9-C7C1-49D5-A209-C9A85CC03AAA}.Debug|Any CPU.ActiveCfg = Debug|Any CPU
		{45247CC9-C7C1-49D5-A209-C9A85CC03AAA}.Debug|Any CPU.Build.0 = Debug|Any CPU
		{45247CC9-C7C1-49D5-A209-C9A85CC03AAA}.Release|Any CPU.ActiveCfg = Release|Any CPU
		{45247CC9-C7C1-49D5-A209-C9A85CC03AAA}.Release|Any CPU.Build.0 = Release|Any CPU
		{20B9A780-ADA2-4C66-97C1-392E50058AC9}.Debug|Any CPU.ActiveCfg = Debug|Any CPU
		{20B9A780-ADA2-4C66-97C1-392E50058AC9}.Debug|Any CPU.Build.0 = Debug|Any CPU
		{20B9A780-ADA2-4C66-97C1-392E50058AC9}.Release|Any CPU.ActiveCfg = Release|Any CPU
		{20B9A780-ADA2-4C66-97C1-392E50058AC9}.Release|Any CPU.Build.0 = Release|Any CPU
		{3AC2023D-2FB8-4B1D-88B4-7AEC94DB81C4}.Debug|Any CPU.ActiveCfg = Debug|Any CPU
		{3AC2023D-2FB8-4B1D-88B4-7AEC94DB81C4}.Debug|Any CPU.Build.0 = Debug|Any CPU
		{3AC2023D-2FB8-4B1D-88B4-7AEC94DB81C4}.Release|Any CPU.ActiveCfg = Release|Any CPU
		{3AC2023D-2FB8-4B1D-88B4-7AEC94DB81C4}.Release|Any CPU.Build.0 = Release|Any CPU
	EndGlobalSection
	GlobalSection(SolutionProperties) = preSolution
		HideSolutionNode = FALSE
	EndGlobalSection
	GlobalSection(NestedProjects) = preSolution
		{DBDF772A-A7BC-4FFF-B663-8ECEB97E2DE9} = {25D1106E-1E8D-4A87-A47E-842FBD75D0FE}
		{AD30A04B-27D4-4E04-A4B5-ECB6BF38684B} = {25D1106E-1E8D-4A87-A47E-842FBD75D0FE}
		{0812941F-CBC8-47C2-BE23-2379BD4496BB} = {C291D5AB-FC04-444D-8717-FC50B5E64543}
		{45247CC9-C7C1-49D5-A209-C9A85CC03AAA} = {C291D5AB-FC04-444D-8717-FC50B5E64543}
		{20B9A780-ADA2-4C66-97C1-392E50058AC9} = {25D1106E-1E8D-4A87-A47E-842FBD75D0FE}
		{3AC2023D-2FB8-4B1D-88B4-7AEC94DB81C4} = {25D1106E-1E8D-4A87-A47E-842FBD75D0FE}
	EndGlobalSection
	GlobalSection(ExtensibilityGlobals) = postSolution
		SolutionGuid = {BE383173-459C-4EA7-A9B5-F7F238BC04A9}
	EndGlobalSection
EndGlobal
